
Microsoft Visual Studio Solution File, Format Version 12.00
# Visual Studio 15
VisualStudioVersion = 15.0.28307.168
MinimumVisualStudioVersion = 10.0.40219.1
Project("{FAE04EC0-301F-11D3-BF4B-00C04F79EFBC}") = "DTO", "DTO\DTO.csproj", "{EB98EE4E-9822-425F-878C-42E92E1A09B1}"
EndProject
Project("{FAE04EC0-301F-11D3-BF4B-00C04F79EFBC}") = "DAL", "DAL\DAL.csproj", "{86B11118-259D-4A70-B0C2-D75578D16117}"
EndProject
Project("{FAE04EC0-301F-11D3-BF4B-00C04F79EFBC}") = "BLL", "BLL\BLL.csproj", "{18F7A3BC-BD79-4CCC-B2F9-6AA23EBF0963}"
EndProject
Project("{FAE04EC0-301F-11D3-BF4B-00C04F79EFBC}") = "TestFonctions", "TestFonctions\TestFonctions.csproj", "{0AA7FF03-32BC-46A1-B514-88FBFCFCAFCE}"
EndProject
Global
	GlobalSection(SolutionConfigurationPlatforms) = preSolution
		Debug|Any CPU = Debug|Any CPU
		Release|Any CPU = Release|Any CPU
	EndGlobalSection
	GlobalSection(ProjectConfigurationPlatforms) = postSolution
		{EB98EE4E-9822-425F-878C-42E92E1A09B1}.Debug|Any CPU.ActiveCfg = Debug|Any CPU
		{EB98EE4E-9822-425F-878C-42E92E1A09B1}.Debug|Any CPU.Build.0 = Debug|Any CPU
		{EB98EE4E-9822-425F-878C-42E92E1A09B1}.Release|Any CPU.ActiveCfg = Release|Any CPU
		{EB98EE4E-9822-425F-878C-42E92E1A09B1}.Release|Any CPU.Build.0 = Release|Any CPU
		{86B11118-259D-4A70-B0C2-D75578D16117}.Debug|Any CPU.ActiveCfg = Debug|Any CPU
		{86B11118-259D-4A70-B0C2-D75578D16117}.Debug|Any CPU.Build.0 = Debug|Any CPU
		{86B11118-259D-4A70-B0C2-D75578D16117}.Release|Any CPU.ActiveCfg = Release|Any CPU
		{86B11118-259D-4A70-B0C2-D75578D16117}.Release|Any CPU.Build.0 = Release|Any CPU
		{18F7A3BC-BD79-4CCC-B2F9-6AA23EBF0963}.Debug|Any CPU.ActiveCfg = Debug|Any CPU
		{18F7A3BC-BD79-4CCC-B2F9-6AA23EBF0963}.Debug|Any CPU.Build.0 = Debug|Any CPU
		{18F7A3BC-BD79-4CCC-B2F9-6AA23EBF0963}.Release|Any CPU.ActiveCfg = Release|Any CPU
		{18F7A3BC-BD79-4CCC-B2F9-6AA23EBF0963}.Release|Any CPU.Build.0 = Release|Any CPU
		{0AA7FF03-32BC-46A1-B514-88FBFCFCAFCE}.Debug|Any CPU.ActiveCfg = Debug|Any CPU
		{0AA7FF03-32BC-46A1-B514-88FBFCFCAFCE}.Debug|Any CPU.Build.0 = Debug|Any CPU
		{0AA7FF03-32BC-46A1-B514-88FBFCFCAFCE}.Release|Any CPU.ActiveCfg = Release|Any CPU
		{0AA7FF03-32BC-46A1-B514-88FBFCFCAFCE}.Release|Any CPU.Build.0 = Release|Any CPU
	EndGlobalSection
	GlobalSection(SolutionProperties) = preSolution
		HideSolutionNode = FALSE
	EndGlobalSection
	GlobalSection(ExtensibilityGlobals) = postSolution
		SolutionGuid = {08F741F3-4D59-4995-BEAE-A5E32A4C6769}
	EndGlobalSection
EndGlobal
